
Microsoft Visual Studio Solution File, Format Version 12.00
# Visual Studio Version 17
VisualStudioVersion = 17.7.34009.444
MinimumVisualStudioVersion = 10.0.40219.1
Project("{FAE04EC0-301F-11D3-BF4B-00C04F79EFBC}") = "tpFinal", "tpFinal.csproj", "{F0CB27F1-B4D0-43FF-A9FF-2D8FB5100C93}"
EndProject
Global
	GlobalSection(SolutionConfigurationPlatforms) = preSolution
		Debug|Any CPU = Debug|Any CPU
		Release|Any CPU = Release|Any CPU
	EndGlobalSection
	GlobalSection(ProjectConfigurationPlatforms) = postSolution
		{F0CB27F1-B4D0-43FF-A9FF-2D8FB5100C93}.Debug|Any CPU.ActiveCfg = Debug|Any CPU
		{F0CB27F1-B4D0-43FF-A9FF-2D8FB5100C93}.Debug|Any CPU.Build.0 = Debug|Any CPU
		{F0CB27F1-B4D0-43FF-A9FF-2D8FB5100C93}.Release|Any CPU.ActiveCfg = Release|Any CPU
		{F0CB27F1-B4D0-43FF-A9FF-2D8FB5100C93}.Release|Any CPU.Build.0 = Release|Any CPU
	EndGlobalSection
	GlobalSection(SolutionProperties) = preSolution
		HideSolutionNode = FALSE
	EndGlobalSection
	GlobalSection(ExtensibilityGlobals) = postSolution
		SolutionGuid = {79E4BFAB-6C39-4D4C-B73C-1DC1A1D2391A}
	EndGlobalSection
EndGlobal
